// !$*UTF8*$!
{
	archiveVersion = 1;
	classes = {
	};
	objectVersion = 46;
	objects = {

/* Begin PBXBuildFile section */
		18101FD41F13B88200CDE4D1 /* main.m in Sources */ = {isa = PBXBuildFile; fileRef = 18101FD31F13B88200CDE4D1 /* main.m */; };
		18101FD71F13B88200CDE4D1 /* AppDelegate.m in Sources */ = {isa = PBXBuildFile; fileRef = 18101FD61F13B88200CDE4D1 /* AppDelegate.m */; };
		18101FDA1F13B88200CDE4D1 /* ViewController.m in Sources */ = {isa = PBXBuildFile; fileRef = 18101FD91F13B88200CDE4D1 /* ViewController.m */; };
		18101FDD1F13B88200CDE4D1 /* Main.storyboard in Resources */ = {isa = PBXBuildFile; fileRef = 18101FDB1F13B88200CDE4D1 /* Main.storyboard */; };
		18101FDF1F13B88200CDE4D1 /* Assets.xcassets in Resources */ = {isa = PBXBuildFile; fileRef = 18101FDE1F13B88200CDE4D1 /* Assets.xcassets */; };
		18101FE21F13B88200CDE4D1 /* LaunchScreen.storyboard in Resources */ = {isa = PBXBuildFile; fileRef = 18101FE01F13B88200CDE4D1 /* LaunchScreen.storyboard */; };
		18101FEC1F13BBC600CDE4D1 /* MyTableView.m in Sources */ = {isa = PBXBuildFile; fileRef = 18101FEB1F13BBC600CDE4D1 /* MyTableView.m */; };
		18101FEF1F13BC8000CDE4D1 /* MainTableViewCell.m in Sources */ = {isa = PBXBuildFile; fileRef = 18101FEE1F13BC8000CDE4D1 /* MainTableViewCell.m */; };
/* End PBXBuildFile section */

/* Begin PBXFileReference section */
		18101FCF1F13B88200CDE4D1 /* WeiBoHomePageDemo-OC.app */ = {isa = PBXFileReference; explicitFileType = wrapper.application; includeInIndex = 0; path = "WeiBoHomePageDemo-OC.app"; sourceTree = BUILT_PRODUCTS_DIR; };
		18101FD31F13B88200CDE4D1 /* main.m */ = {isa = PBXFileReference; lastKnownFileType = sourcecode.c.objc; path = main.m; sourceTree = "<group>"; };
		18101FD51F13B88200CDE4D1 /* AppDelegate.h */ = {isa = PBXFileReference; lastKnownFileType = sourcecode.c.h; path = AppDelegate.h; sourceTree = "<group>"; };
		18101FD61F13B88200CDE4D1 /* AppDelegate.m */ = {isa = PBXFileReference; lastKnownFileType = sourcecode.c.objc; path = AppDelegate.m; sourceTree = "<group>"; };
		18101FD81F13B88200CDE4D1 /* ViewController.h */ = {isa = PBXFileReference; lastKnownFileType = sourcecode.c.h; path = ViewController.h; sourceTree = "<group>"; };
		18101FD91F13B88200CDE4D1 /* ViewController.m */ = {isa = PBXFileReference; lastKnownFileType = sourcecode.c.objc; path = ViewController.m; sourceTree = "<group>"; };
		18101FDC1F13B88200CDE4D1 /* Base */ = {isa = PBXFileReference; lastKnownFileType = file.storyboard; name = Base; path = Base.lproj/Main.storyboard; sourceTree = "<group>"; };
		18101FDE1F13B88200CDE4D1 /* Assets.xcassets */ = {isa = PBXFileReference; lastKnownFileType = folder.assetcatalog; path = Assets.xcassets; sourceTree = "<group>"; };
		18101FE11F13B88200CDE4D1 /* Base */ = {isa = PBXFileReference; lastKnownFileType = file.storyboard; name = Base; path = Base.lproj/LaunchScreen.storyboard; sourceTree = "<group>"; };
		18101FE31F13B88200CDE4D1 /* Info.plist */ = {isa = PBXFileReference; lastKnownFileType = text.plist.xml; path = Info.plist; sourceTree = "<group>"; };
		18101FEA1F13BBC600CDE4D1 /* MyTableView.h */ = {isa = PBXFileReference; fileEncoding = 4; lastKnownFileType = sourcecode.c.h; path = MyTableView.h; sourceTree = "<group>"; };
		18101FEB1F13BBC600CDE4D1 /* MyTableView.m */ = {isa = PBXFileReference; fileEncoding = 4; lastKnownFileType = sourcecode.c.objc; path = MyTableView.m; sourceTree = "<group>"; };
		18101FED1F13BC8000CDE4D1 /* MainTableViewCell.h */ = {isa = PBXFileReference; fileEncoding = 4; lastKnownFileType = sourcecode.c.h; path = MainTableViewCell.h; sourceTree = "<group>"; };
		18101FEE1F13BC8000CDE4D1 /* MainTableViewCell.m */ = {isa = PBXFileReference; fileEncoding = 4; lastKnownFileType = sourcecode.c.objc; path = MainTableViewCell.m; sourceTree = "<group>"; };
/* End PBXFileReference section */

/* Begin PBXFrameworksBuildPhase section */
		18101FCC1F13B88200CDE4D1 /* Frameworks */ = {
			isa = PBXFrameworksBuildPhase;
			buildActionMask = 2147483647;
			files = (
			);
			runOnlyForDeploymentPostprocessing = 0;
		};
/* End PBXFrameworksBuildPhase section */

/* Begin PBXGroup section */
		18101FC61F13B88200CDE4D1 = {
			isa = PBXGroup;
			children = (
				18101FD11F13B88200CDE4D1 /* WeiBoHomePageDemo-OC */,
				18101FD01F13B88200CDE4D1 /* Products */,
			);
			sourceTree = "<group>";
		};
		18101FD01F13B88200CDE4D1 /* Products */ = {
			isa = PBXGroup;
			children = (
				18101FCF1F13B88200CDE4D1 /* WeiBoHomePageDemo-OC.app */,
			);
			name = Products;
			sourceTree = "<group>";
		};
		18101FD11F13B88200CDE4D1 /* WeiBoHomePageDemo-OC */ = {
			isa = PBXGroup;
			children = (
				18101FE91F13BBB700CDE4D1 /* Views */,
				18101FD51F13B88200CDE4D1 /* AppDelegate.h */,
				18101FD61F13B88200CDE4D1 /* AppDelegate.m */,
				18101FD81F13B88200CDE4D1 /* ViewController.h */,
				18101FD91F13B88200CDE4D1 /* ViewController.m */,
				18101FDB1F13B88200CDE4D1 /* Main.storyboard */,
				18101FDE1F13B88200CDE4D1 /* Assets.xcassets */,
				18101FE01F13B88200CDE4D1 /* LaunchScreen.storyboard */,
				18101FE31F13B88200CDE4D1 /* Info.plist */,
				18101FD21F13B88200CDE4D1 /* Supporting Files */,
			);
			path = "WeiBoHomePageDemo-OC";
			sourceTree = "<group>";
		};
		18101FD21F13B88200CDE4D1 /* Supporting Files */ = {
			isa = PBXGroup;
			children = (
				18101FD31F13B88200CDE4D1 /* main.m */,
			);
			name = "Supporting Files";
			sourceTree = "<group>";
		};
		18101FE91F13BBB700CDE4D1 /* Views */ = {
			isa = PBXGroup;
			children = (
				18101FEA1F13BBC600CDE4D1 /* MyTableView.h */,
				18101FEB1F13BBC600CDE4D1 /* MyTableView.m */,
				18101FED1F13BC8000CDE4D1 /* MainTableViewCell.h */,
				18101FEE1F13BC8000CDE4D1 /* MainTableViewCell.m */,
			);
			name = Views;
			sourceTree = "<group>";
		};
/* End PBXGroup section */

/* Begin PBXNativeTarget section */
		18101FCE1F13B88200CDE4D1 /* WeiBoHomePageDemo-OC */ = {
			isa = PBXNativeTarget;
			buildConfigurationList = 18101FE61F13B88200CDE4D1 /* Build configuration list for PBXNativeTarget "WeiBoHomePageDemo-OC" */;
			buildPhases = (
				18101FCB1F13B88200CDE4D1 /* Sources */,
				18101FCC1F13B88200CDE4D1 /* Frameworks */,
				18101FCD1F13B88200CDE4D1 /* Resources */,
			);
			buildRules = (
			);
			dependencies = (
			);
			name = "WeiBoHomePageDemo-OC";
			productName = "WeiBoHomePageDemo-OC";
			productReference = 18101FCF1F13B88200CDE4D1 /* WeiBoHomePageDemo-OC.app */;
			productType = "com.apple.product-type.application";
		};
/* End PBXNativeTarget section */

/* Begin PBXProject section */
		18101FC71F13B88200CDE4D1 /* Project object */ = {
			isa = PBXProject;
			attributes = {
				LastUpgradeCheck = 0830;
				ORGANIZATIONNAME = apple;
				TargetAttributes = {
					18101FCE1F13B88200CDE4D1 = {
						CreatedOnToolsVersion = 8.3.3;
						DevelopmentTeam = 83A76GE82G;
						ProvisioningStyle = Manual;
					};
				};
			};
			buildConfigurationList = 18101FCA1F13B88200CDE4D1 /* Build configuration list for PBXProject "WeiBoHomePageDemo-OC" */;
			compatibilityVersion = "Xcode 3.2";
			developmentRegion = English;
			hasScannedForEncodings = 0;
			knownRegions = (
				en,
				Base,
			);
			mainGroup = 18101FC61F13B88200CDE4D1;
			productRefGroup = 18101FD01F13B88200CDE4D1 /* Products */;
			projectDirPath = "";
			projectRoot = "";
			targets = (
				18101FCE1F13B88200CDE4D1 /* WeiBoHomePageDemo-OC */,
			);
		};
/* End PBXProject section */

/* Begin PBXResourcesBuildPhase section */
		18101FCD1F13B88200CDE4D1 /* Resources */ = {
			isa = PBXResourcesBuildPhase;
			buildActionMask = 2147483647;
			files = (
				18101FE21F13B88200CDE4D1 /* LaunchScreen.storyboard in Resources */,
				18101FDF1F13B88200CDE4D1 /* Assets.xcassets in Resources */,
				18101FDD1F13B88200CDE4D1 /* Main.storyboard in Resources */,
			);
			runOnlyForDeploymentPostprocessing = 0;
		};
/* End PBXResourcesBuildPhase section */

/* Begin PBXSourcesBuildPhase section */
		18101FCB1F13B88200CDE4D1 /* Sources */ = {
			isa = PBXSourcesBuildPhase;
			buildActionMask = 2147483647;
			files = (
				18101FDA1F13B88200CDE4D1 /* ViewController.m in Sources */,
				18101FEC1F13BBC600CDE4D1 /* MyTableView.m in Sources */,
				18101FD71F13B88200CDE4D1 /* AppDelegate.m in Sources */,
				18101FD41F13B88200CDE4D1 /* main.m in Sources */,
				18101FEF1F13BC8000CDE4D1 /* MainTableViewCell.m in Sources */,
			);
			runOnlyForDeploymentPostprocessing = 0;
		};
/* End PBXSourcesBuildPhase section */

/* Begin PBXVariantGroup section */
		18101FDB1F13B88200CDE4D1 /* Main.storyboard */ = {
			isa = PBXVariantGroup;
			children = (
				18101FDC1F13B88200CDE4D1 /* Base */,
			);
			name = Main.storyboard;
			sourceTree = "<group>";
		};
		18101FE01F13B88200CDE4D1 /* LaunchScreen.storyboard */ = {
			isa = PBXVariantGroup;
			children = (
				18101FE11F13B88200CDE4D1 /* Base */,
			);
			name = LaunchScreen.storyboard;
			sourceTree = "<group>";
		};
/* End PBXVariantGroup section */

/* Begin XCBuildConfiguration section */
		18101FE41F13B88200CDE4D1 /* Debug */ = {
			isa = XCBuildConfiguration;
			buildSettings = {
				ALWAYS_SEARCH_USER_PATHS = NO;
				CLANG_ANALYZER_NONNULL = YES;
				CLANG_ANALYZER_NUMBER_OBJECT_CONVERSION = YES_AGGRESSIVE;
				CLANG_CXX_LANGUAGE_STANDARD = "gnu++0x";
				CLANG_CXX_LIBRARY = "libc++";
				CLANG_ENABLE_MODULES = YES;
				CLANG_ENABLE_OBJC_ARC = YES;
				CLANG_WARN_BOOL_CONVERSION = YES;
				CLANG_WARN_CONSTANT_CONVERSION = YES;
				CLANG_WARN_DIRECT_OBJC_ISA_USAGE = YES_ERROR;
				CLANG_WARN_DOCUMENTATION_COMMENTS = YES;
				CLANG_WARN_EMPTY_BODY = YES;
				CLANG_WARN_ENUM_CONVERSION = YES;
				CLANG_WARN_INFINITE_RECURSION = YES;
				CLANG_WARN_INT_CONVERSION = YES;
				CLANG_WARN_OBJC_ROOT_CLASS = YES_ERROR;
				CLANG_WARN_SUSPICIOUS_MOVE = YES;
				CLANG_WARN_UNREACHABLE_CODE = YES;
				CLANG_WARN__DUPLICATE_METHOD_MATCH = YES;
				"CODE_SIGN_IDENTITY[sdk=iphoneos*]" = "iPhone Developer";
				COPY_PHASE_STRIP = NO;
				DEBUG_INFORMATION_FORMAT = dwarf;
				ENABLE_STRICT_OBJC_MSGSEND = YES;
				ENABLE_TESTABILITY = YES;
				GCC_C_LANGUAGE_STANDARD = gnu99;
				GCC_DYNAMIC_NO_PIC = NO;
				GCC_NO_COMMON_BLOCKS = YES;
				GCC_OPTIMIZATION_LEVEL = 0;
				GCC_PREPROCESSOR_DEFINITIONS = (
					"DEBUG=1",
					"$(inherited)",
				);
				GCC_WARN_64_TO_32_BIT_CONVERSION = YES;
				GCC_WARN_ABOUT_RETURN_TYPE = YES_ERROR;
				GCC_WARN_UNDECLARED_SELECTOR = YES;
				GCC_WARN_UNINITIALIZED_AUTOS = YES_AGGRESSIVE;
				GCC_WARN_UNUSED_FUNCTION = YES;
				GCC_WARN_UNUSED_VARIABLE = YES;
				IPHONEOS_DEPLOYMENT_TARGET = 10.3;
				MTL_ENABLE_DEBUG_INFO = YES;
				ONLY_ACTIVE_ARCH = YES;
				SDKROOT = iphoneos;
				TARGETED_DEVICE_FAMILY = "1,2";
			};
			name = Debug;
		};
		18101FE51F13B88200CDE4D1 /* Release */ = {
			isa = XCBuildConfiguration;
			buildSettings = {
				ALWAYS_SEARCH_USER_PATHS = NO;
				CLANG_ANALYZER_NONNULL = YES;
				CLANG_ANALYZER_NUMBER_OBJECT_CONVERSION = YES_AGGRESSIVE;
				CLANG_CXX_LANGUAGE_STANDARD = "gnu++0x";
				CLANG_CXX_LIBRARY = "libc++";
				CLANG_ENABLE_MODULES = YES;
				CLANG_ENABLE_OBJC_ARC = YES;
				CLANG_WARN_BOOL_CONVERSION = YES;
				CLANG_WARN_CONSTANT_CONVERSION = YES;
				CLANG_WARN_DIRECT_OBJC_ISA_USAGE = YES_ERROR;
				CLANG_WARN_DOCUMENTATION_COMMENTS = YES;
				CLANG_WARN_EMPTY_BODY = YES;
				CLANG_WARN_ENUM_CONVERSION = YES;
				CLANG_WARN_INFINITE_RECURSION = YES;
				CLANG_WARN_INT_CONVERSION = YES;
				CLANG_WARN_OBJC_ROOT_CLASS = YES_ERROR;
				CLANG_WARN_SUSPICIOUS_MOVE = YES;
				CLANG_WARN_UNREACHABLE_CODE = YES;
				CLANG_WARN__DUPLICATE_METHOD_MATCH = YES;
				"CODE_SIGN_IDENTITY[sdk=iphoneos*]" = "iPhone Developer";
				COPY_PHASE_STRIP = NO;
				DEBUG_INFORMATION_FORMAT = "dwarf-with-dsym";
				ENABLE_NS_ASSERTIONS = NO;
				ENABLE_STRICT_OBJC_MSGSEND = YES;
				GCC_C_LANGUAGE_STANDARD = gnu99;
				GCC_NO_COMMON_BLOCKS = YES;
				GCC_WARN_64_TO_32_BIT_CONVERSION = YES;
				GCC_WARN_ABOUT_RETURN_TYPE = YES_ERROR;
				GCC_WARN_UNDECLARED_SELECTOR = YES;
				GCC_WARN_UNINITIALIZED_AUTOS = YES_AGGRESSIVE;
				GCC_WARN_UNUSED_FUNCTION = YES;
				GCC_WARN_UNUSED_VARIABLE = YES;
				IPHONEOS_DEPLOYMENT_TARGET = 10.3;
				MTL_ENABLE_DEBUG_INFO = NO;
				SDKROOT = iphoneos;
				TARGETED_DEVICE_FAMILY = "1,2";
				VALIDATE_PRODUCT = YES;
			};
			name = Release;
		};
		18101FE71F13B88200CDE4D1 /* Debug */ = {
			isa = XCBuildConfiguration;
			buildSettings = {
				ASSETCATALOG_COMPILER_APPICON_NAME = AppIcon;
				DEVELOPMENT_TEAM = 83A76GE82G;
				INFOPLIST_FILE = "WeiBoHomePageDemo-OC/Info.plist";
				IPHONEOS_DEPLOYMENT_TARGET = 9.0;
				LD_RUNPATH_SEARCH_PATHS = "$(inherited) @executable_path/Frameworks";
				PRODUCT_BUNDLE_IDENTIFIER = "dev.qin.WeiBoHomePageDemo-OC";
				PRODUCT_NAME = "$(TARGET_NAME)";
				PROVISIONING_PROFILE = "e3f73598-5a23-46fb-88c1-c6551725a3af";
				PROVISIONING_PROFILE_SPECIFIER = CommonProfile;
			};
			name = Debug;
		};
		18101FE81F13B88200CDE4D1 /* Release */ = {
			isa = XCBuildConfiguration;
			buildSettings = {
				ASSETCATALOG_COMPILER_APPICON_NAME = AppIcon;
				DEVELOPMENT_TEAM = "";
				INFOPLIST_FILE = "WeiBoHomePageDemo-OC/Info.plist";
				IPHONEOS_DEPLOYMENT_TARGET = 9.0;
				LD_RUNPATH_SEARCH_PATHS = "$(inherited) @executable_path/Frameworks";
				PRODUCT_BUNDLE_IDENTIFIER = "dev.qin.WeiBoHomePageDemo-OC";
				PRODUCT_NAME = "$(TARGET_NAME)";
				PROVISIONING_PROFILE_SPECIFIER = "";
			};
			name = Release;
		};
/* End XCBuildConfiguration section */

/* Begin XCConfigurationList section */
		18101FCA1F13B88200CDE4D1 /* Build configuration list for PBXProject "WeiBoHomePageDemo-OC" */ = {
			isa = XCConfigurationList;
			buildConfigurations = (
				18101FE41F13B88200CDE4D1 /* Debug */,
				18101FE51F13B88200CDE4D1 /* Release */,
			);
			defaultConfigurationIsVisible = 0;
			defaultConfigurationName = Release;
		};
		18101FE61F13B88200CDE4D1 /* Build configuration list for PBXNativeTarget "WeiBoHomePageDemo-OC" */ = {
			isa = XCConfigurationList;
			buildConfigurations = (
				18101FE71F13B88200CDE4D1 /* Debug */,
				18101FE81F13B88200CDE4D1 /* Release */,
			);
			defaultConfigurationIsVisible = 0;
			defaultConfigurationName = Release;
		};
/* End XCConfigurationList section */
	};
	rootObject = 18101FC71F13B88200CDE4D1 /* Project object */;
}
