// !$*UTF8*$!
{
	archiveVersion = 1;
	classes = {
	};
	objectVersion = 50;
	objects = {

/* Begin PBXBuildFile section */
		25461A1620BB0D0000B3758C /* AppDelegate.swift in Sources */ = {isa = PBXBuildFile; fileRef = 25461A1520BB0D0000B3758C /* AppDelegate.swift */; };
		25461A1820BB0D0000B3758C /* ViewController.swift in Sources */ = {isa = PBXBuildFile; fileRef = 25461A1720BB0D0000B3758C /* ViewController.swift */; };
		25461A1B20BB0D0000B3758C /* Main.storyboard in Resources */ = {isa = PBXBuildFile; fileRef = 25461A1920BB0D0000B3758C /* Main.storyboard */; };
		25461A1D20BB0D0200B3758C /* Assets.xcassets in Resources */ = {isa = PBXBuildFile; fileRef = 25461A1C20BB0D0200B3758C /* Assets.xcassets */; };
		25461A2020BB0D0200B3758C /* LaunchScreen.storyboard in Resources */ = {isa = PBXBuildFile; fileRef = 25461A1E20BB0D0200B3758C /* LaunchScreen.storyboard */; };
		25461A2B20BB0DCB00B3758C /* SectionHeader.xib in Resources */ = {isa = PBXBuildFile; fileRef = 25461A2820BB0DCB00B3758C /* SectionHeader.xib */; };
		25461A2C20BB0DCB00B3758C /* TestTableViewCell.swift in Sources */ = {isa = PBXBuildFile; fileRef = 25461A2920BB0DCB00B3758C /* TestTableViewCell.swift */; };
		25461A2D20BB0DCB00B3758C /* SectionHeader.swift in Sources */ = {isa = PBXBuildFile; fileRef = 25461A2A20BB0DCB00B3758C /* SectionHeader.swift */; };
		25461A2F20BB0DF700B3758C /* TableCellExtendViewController.swift in Sources */ = {isa = PBXBuildFile; fileRef = 25461A2E20BB0DF700B3758C /* TableCellExtendViewController.swift */; };
/* End PBXBuildFile section */

/* Begin PBXFileReference section */
		25461A1220BB0D0000B3758C /* TableViewDemos.app */ = {isa = PBXFileReference; explicitFileType = wrapper.application; includeInIndex = 0; path = TableViewDemos.app; sourceTree = BUILT_PRODUCTS_DIR; };
		25461A1520BB0D0000B3758C /* AppDelegate.swift */ = {isa = PBXFileReference; lastKnownFileType = sourcecode.swift; path = AppDelegate.swift; sourceTree = "<group>"; };
		25461A1720BB0D0000B3758C /* ViewController.swift */ = {isa = PBXFileReference; lastKnownFileType = sourcecode.swift; path = ViewController.swift; sourceTree = "<group>"; };
		25461A1A20BB0D0000B3758C /* Base */ = {isa = PBXFileReference; lastKnownFileType = file.storyboard; name = Base; path = Base.lproj/Main.storyboard; sourceTree = "<group>"; };
		25461A1C20BB0D0200B3758C /* Assets.xcassets */ = {isa = PBXFileReference; lastKnownFileType = folder.assetcatalog; path = Assets.xcassets; sourceTree = "<group>"; };
		25461A1F20BB0D0200B3758C /* Base */ = {isa = PBXFileReference; lastKnownFileType = file.storyboard; name = Base; path = Base.lproj/LaunchScreen.storyboard; sourceTree = "<group>"; };
		25461A2120BB0D0200B3758C /* Info.plist */ = {isa = PBXFileReference; lastKnownFileType = text.plist.xml; path = Info.plist; sourceTree = "<group>"; };
		25461A2820BB0DCB00B3758C /* SectionHeader.xib */ = {isa = PBXFileReference; fileEncoding = 4; lastKnownFileType = file.xib; path = SectionHeader.xib; sourceTree = "<group>"; };
		25461A2920BB0DCB00B3758C /* TestTableViewCell.swift */ = {isa = PBXFileReference; fileEncoding = 4; lastKnownFileType = sourcecode.swift; path = TestTableViewCell.swift; sourceTree = "<group>"; };
		25461A2A20BB0DCB00B3758C /* SectionHeader.swift */ = {isa = PBXFileReference; fileEncoding = 4; lastKnownFileType = sourcecode.swift; path = SectionHeader.swift; sourceTree = "<group>"; };
		25461A2E20BB0DF700B3758C /* TableCellExtendViewController.swift */ = {isa = PBXFileReference; lastKnownFileType = sourcecode.swift; path = TableCellExtendViewController.swift; sourceTree = "<group>"; };
/* End PBXFileReference section */

/* Begin PBXFrameworksBuildPhase section */
		25461A0F20BB0D0000B3758C /* Frameworks */ = {
			isa = PBXFrameworksBuildPhase;
			buildActionMask = 2147483647;
			files = (
			);
			runOnlyForDeploymentPostprocessing = 0;
		};
/* End PBXFrameworksBuildPhase section */

/* Begin PBXGroup section */
		25461A0920BB0D0000B3758C = {
			isa = PBXGroup;
			children = (
				25461A1420BB0D0000B3758C /* TableViewDemos */,
				25461A1320BB0D0000B3758C /* Products */,
			);
			sourceTree = "<group>";
		};
		25461A1320BB0D0000B3758C /* Products */ = {
			isa = PBXGroup;
			children = (
				25461A1220BB0D0000B3758C /* TableViewDemos.app */,
			);
			name = Products;
			sourceTree = "<group>";
		};
		25461A1420BB0D0000B3758C /* TableViewDemos */ = {
			isa = PBXGroup;
			children = (
				25461A2720BB0DA300B3758C /* CellExtend */,
				25461A1520BB0D0000B3758C /* AppDelegate.swift */,
				25461A1720BB0D0000B3758C /* ViewController.swift */,
				25461A1920BB0D0000B3758C /* Main.storyboard */,
				25461A1C20BB0D0200B3758C /* Assets.xcassets */,
				25461A1E20BB0D0200B3758C /* LaunchScreen.storyboard */,
				25461A2120BB0D0200B3758C /* Info.plist */,
			);
			path = TableViewDemos;
			sourceTree = "<group>";
		};
		25461A2720BB0DA300B3758C /* CellExtend */ = {
			isa = PBXGroup;
			children = (
				25461A2A20BB0DCB00B3758C /* SectionHeader.swift */,
				25461A2820BB0DCB00B3758C /* SectionHeader.xib */,
				25461A2920BB0DCB00B3758C /* TestTableViewCell.swift */,
				25461A2E20BB0DF700B3758C /* TableCellExtendViewController.swift */,
			);
			path = CellExtend;
			sourceTree = "<group>";
		};
/* End PBXGroup section */

/* Begin PBXNativeTarget section */
		25461A1120BB0D0000B3758C /* TableViewDemos */ = {
			isa = PBXNativeTarget;
			buildConfigurationList = 25461A2420BB0D0200B3758C /* Build configuration list for PBXNativeTarget "TableViewDemos" */;
			buildPhases = (
				25461A0E20BB0D0000B3758C /* Sources */,
				25461A0F20BB0D0000B3758C /* Frameworks */,
				25461A1020BB0D0000B3758C /* Resources */,
			);
			buildRules = (
			);
			dependencies = (
			);
			name = TableViewDemos;
			productName = TableViewDemos;
			productReference = 25461A1220BB0D0000B3758C /* TableViewDemos.app */;
			productType = "com.apple.product-type.application";
		};
/* End PBXNativeTarget section */

/* Begin PBXProject section */
		25461A0A20BB0D0000B3758C /* Project object */ = {
			isa = PBXProject;
			attributes = {
				LastSwiftUpdateCheck = 0930;
				LastUpgradeCheck = 0930;
				ORGANIZATIONNAME = qin;
				TargetAttributes = {
					25461A1120BB0D0000B3758C = {
						CreatedOnToolsVersion = 9.3;
					};
				};
			};
			buildConfigurationList = 25461A0D20BB0D0000B3758C /* Build configuration list for PBXProject "TableViewDemos" */;
			compatibilityVersion = "Xcode 9.3";
			developmentRegion = en;
			hasScannedForEncodings = 0;
			knownRegions = (
				en,
				Base,
			);
			mainGroup = 25461A0920BB0D0000B3758C;
			productRefGroup = 25461A1320BB0D0000B3758C /* Products */;
			projectDirPath = "";
			projectRoot = "";
			targets = (
				25461A1120BB0D0000B3758C /* TableViewDemos */,
			);
		};
/* End PBXProject section */

/* Begin PBXResourcesBuildPhase section */
		25461A1020BB0D0000B3758C /* Resources */ = {
			isa = PBXResourcesBuildPhase;
			buildActionMask = 2147483647;
			files = (
				25461A2B20BB0DCB00B3758C /* SectionHeader.xib in Resources */,
				25461A2020BB0D0200B3758C /* LaunchScreen.storyboard in Resources */,
				25461A1D20BB0D0200B3758C /* Assets.xcassets in Resources */,
				25461A1B20BB0D0000B3758C /* Main.storyboard in Resources */,
			);
			runOnlyForDeploymentPostprocessing = 0;
		};
/* End PBXResourcesBuildPhase section */

/* Begin PBXSourcesBuildPhase section */
		25461A0E20BB0D0000B3758C /* Sources */ = {
			isa = PBXSourcesBuildPhase;
			buildActionMask = 2147483647;
			files = (
				25461A2D20BB0DCB00B3758C /* SectionHeader.swift in Sources */,
				25461A2F20BB0DF700B3758C /* TableCellExtendViewController.swift in Sources */,
				25461A1820BB0D0000B3758C /* ViewController.swift in Sources */,
				25461A1620BB0D0000B3758C /* AppDelegate.swift in Sources */,
				25461A2C20BB0DCB00B3758C /* TestTableViewCell.swift in Sources */,
			);
			runOnlyForDeploymentPostprocessing = 0;
		};
/* End PBXSourcesBuildPhase section */

/* Begin PBXVariantGroup section */
		25461A1920BB0D0000B3758C /* Main.storyboard */ = {
			isa = PBXVariantGroup;
			children = (
				25461A1A20BB0D0000B3758C /* Base */,
			);
			name = Main.storyboard;
			sourceTree = "<group>";
		};
		25461A1E20BB0D0200B3758C /* LaunchScreen.storyboard */ = {
			isa = PBXVariantGroup;
			children = (
				25461A1F20BB0D0200B3758C /* Base */,
			);
			name = LaunchScreen.storyboard;
			sourceTree = "<group>";
		};
/* End PBXVariantGroup section */

/* Begin XCBuildConfiguration section */
		25461A2220BB0D0200B3758C /* Debug */ = {
			isa = XCBuildConfiguration;
			buildSettings = {
				ALWAYS_SEARCH_USER_PATHS = NO;
				CLANG_ANALYZER_NONNULL = YES;
				CLANG_ANALYZER_NUMBER_OBJECT_CONVERSION = YES_AGGRESSIVE;
				CLANG_CXX_LANGUAGE_STANDARD = "gnu++14";
				CLANG_CXX_LIBRARY = "libc++";
				CLANG_ENABLE_MODULES = YES;
				CLANG_ENABLE_OBJC_ARC = YES;
				CLANG_ENABLE_OBJC_WEAK = YES;
				CLANG_WARN_BLOCK_CAPTURE_AUTORELEASING = YES;
				CLANG_WARN_BOOL_CONVERSION = YES;
				CLANG_WARN_COMMA = YES;
				CLANG_WARN_CONSTANT_CONVERSION = YES;
				CLANG_WARN_DEPRECATED_OBJC_IMPLEMENTATIONS = YES;
				CLANG_WARN_DIRECT_OBJC_ISA_USAGE = YES_ERROR;
				CLANG_WARN_DOCUMENTATION_COMMENTS = YES;
				CLANG_WARN_EMPTY_BODY = YES;
				CLANG_WARN_ENUM_CONVERSION = YES;
				CLANG_WARN_INFINITE_RECURSION = YES;
				CLANG_WARN_INT_CONVERSION = YES;
				CLANG_WARN_NON_LITERAL_NULL_CONVERSION = YES;
				CLANG_WARN_OBJC_IMPLICIT_RETAIN_SELF = YES;
				CLANG_WARN_OBJC_LITERAL_CONVERSION = YES;
				CLANG_WARN_OBJC_ROOT_CLASS = YES_ERROR;
				CLANG_WARN_RANGE_LOOP_ANALYSIS = YES;
				CLANG_WARN_STRICT_PROTOTYPES = YES;
				CLANG_WARN_SUSPICIOUS_MOVE = YES;
				CLANG_WARN_UNGUARDED_AVAILABILITY = YES_AGGRESSIVE;
				CLANG_WARN_UNREACHABLE_CODE = YES;
				CLANG_WARN__DUPLICATE_METHOD_MATCH = YES;
				CODE_SIGN_IDENTITY = "iPhone Developer";
				COPY_PHASE_STRIP = NO;
				DEBUG_INFORMATION_FORMAT = dwarf;
				ENABLE_STRICT_OBJC_MSGSEND = YES;
				ENABLE_TESTABILITY = YES;
				GCC_C_LANGUAGE_STANDARD = gnu11;
				GCC_DYNAMIC_NO_PIC = NO;
				GCC_NO_COMMON_BLOCKS = YES;
				GCC_OPTIMIZATION_LEVEL = 0;
				GCC_PREPROCESSOR_DEFINITIONS = (
					"DEBUG=1",
					"$(inherited)",
				);
				GCC_WARN_64_TO_32_BIT_CONVERSION = YES;
				GCC_WARN_ABOUT_RETURN_TYPE = YES_ERROR;
				GCC_WARN_UNDECLARED_SELECTOR = YES;
				GCC_WARN_UNINITIALIZED_AUTOS = YES_AGGRESSIVE;
				GCC_WARN_UNUSED_FUNCTION = YES;
				GCC_WARN_UNUSED_VARIABLE = YES;
				IPHONEOS_DEPLOYMENT_TARGET = 11.3;
				MTL_ENABLE_DEBUG_INFO = YES;
				ONLY_ACTIVE_ARCH = YES;
				SDKROOT = iphoneos;
				SWIFT_ACTIVE_COMPILATION_CONDITIONS = DEBUG;
				SWIFT_OPTIMIZATION_LEVEL = "-Onone";
			};
			name = Debug;
		};
		25461A2320BB0D0200B3758C /* Release */ = {
			isa = XCBuildConfiguration;
			buildSettings = {
				ALWAYS_SEARCH_USER_PATHS = NO;
				CLANG_ANALYZER_NONNULL = YES;
				CLANG_ANALYZER_NUMBER_OBJECT_CONVERSION = YES_AGGRESSIVE;
				CLANG_CXX_LANGUAGE_STANDARD = "gnu++14";
				CLANG_CXX_LIBRARY = "libc++";
				CLANG_ENABLE_MODULES = YES;
				CLANG_ENABLE_OBJC_ARC = YES;
				CLANG_ENABLE_OBJC_WEAK = YES;
				CLANG_WARN_BLOCK_CAPTURE_AUTORELEASING = YES;
				CLANG_WARN_BOOL_CONVERSION = YES;
				CLANG_WARN_COMMA = YES;
				CLANG_WARN_CONSTANT_CONVERSION = YES;
				CLANG_WARN_DEPRECATED_OBJC_IMPLEMENTATIONS = YES;
				CLANG_WARN_DIRECT_OBJC_ISA_USAGE = YES_ERROR;
				CLANG_WARN_DOCUMENTATION_COMMENTS = YES;
				CLANG_WARN_EMPTY_BODY = YES;
				CLANG_WARN_ENUM_CONVERSION = YES;
				CLANG_WARN_INFINITE_RECURSION = YES;
				CLANG_WARN_INT_CONVERSION = YES;
				CLANG_WARN_NON_LITERAL_NULL_CONVERSION = YES;
				CLANG_WARN_OBJC_IMPLICIT_RETAIN_SELF = YES;
				CLANG_WARN_OBJC_LITERAL_CONVERSION = YES;
				CLANG_WARN_OBJC_ROOT_CLASS = YES_ERROR;
				CLANG_WARN_RANGE_LOOP_ANALYSIS = YES;
				CLANG_WARN_STRICT_PROTOTYPES = YES;
				CLANG_WARN_SUSPICIOUS_MOVE = YES;
				CLANG_WARN_UNGUARDED_AVAILABILITY = YES_AGGRESSIVE;
				CLANG_WARN_UNREACHABLE_CODE = YES;
				CLANG_WARN__DUPLICATE_METHOD_MATCH = YES;
				CODE_SIGN_IDENTITY = "iPhone Developer";
				COPY_PHASE_STRIP = NO;
				DEBUG_INFORMATION_FORMAT = "dwarf-with-dsym";
				ENABLE_NS_ASSERTIONS = NO;
				ENABLE_STRICT_OBJC_MSGSEND = YES;
				GCC_C_LANGUAGE_STANDARD = gnu11;
				GCC_NO_COMMON_BLOCKS = YES;
				GCC_WARN_64_TO_32_BIT_CONVERSION = YES;
				GCC_WARN_ABOUT_RETURN_TYPE = YES_ERROR;
				GCC_WARN_UNDECLARED_SELECTOR = YES;
				GCC_WARN_UNINITIALIZED_AUTOS = YES_AGGRESSIVE;
				GCC_WARN_UNUSED_FUNCTION = YES;
				GCC_WARN_UNUSED_VARIABLE = YES;
				IPHONEOS_DEPLOYMENT_TARGET = 11.3;
				MTL_ENABLE_DEBUG_INFO = NO;
				SDKROOT = iphoneos;
				SWIFT_COMPILATION_MODE = wholemodule;
				SWIFT_OPTIMIZATION_LEVEL = "-O";
				VALIDATE_PRODUCT = YES;
			};
			name = Release;
		};
		25461A2520BB0D0200B3758C /* Debug */ = {
			isa = XCBuildConfiguration;
			buildSettings = {
				ASSETCATALOG_COMPILER_APPICON_NAME = AppIcon;
				CODE_SIGN_STYLE = Manual;
				DEVELOPMENT_TEAM = "";
				INFOPLIST_FILE = TableViewDemos/Info.plist;
				IPHONEOS_DEPLOYMENT_TARGET = 9.0;
				LD_RUNPATH_SEARCH_PATHS = (
					"$(inherited)",
					"@executable_path/Frameworks",
				);
				PRODUCT_BUNDLE_IDENTIFIER = com.linke.TableViewDemos;
				PRODUCT_NAME = "$(TARGET_NAME)";
				PROVISIONING_PROFILE_SPECIFIER = "";
				SWIFT_VERSION = 4.0;
				TARGETED_DEVICE_FAMILY = "1,2";
			};
			name = Debug;
		};
		25461A2620BB0D0200B3758C /* Release */ = {
			isa = XCBuildConfiguration;
			buildSettings = {
				ASSETCATALOG_COMPILER_APPICON_NAME = AppIcon;
				CODE_SIGN_STYLE = Manual;
				DEVELOPMENT_TEAM = "";
				INFOPLIST_FILE = TableViewDemos/Info.plist;
				IPHONEOS_DEPLOYMENT_TARGET = 9.0;
				LD_RUNPATH_SEARCH_PATHS = (
					"$(inherited)",
					"@executable_path/Frameworks",
				);
				PRODUCT_BUNDLE_IDENTIFIER = com.linke.TableViewDemos;
				PRODUCT_NAME = "$(TARGET_NAME)";
				PROVISIONING_PROFILE_SPECIFIER = "";
				SWIFT_VERSION = 4.0;
				TARGETED_DEVICE_FAMILY = "1,2";
			};
			name = Release;
		};
/* End XCBuildConfiguration section */

/* Begin XCConfigurationList section */
		25461A0D20BB0D0000B3758C /* Build configuration list for PBXProject "TableViewDemos" */ = {
			isa = XCConfigurationList;
			buildConfigurations = (
				25461A2220BB0D0200B3758C /* Debug */,
				25461A2320BB0D0200B3758C /* Release */,
			);
			defaultConfigurationIsVisible = 0;
			defaultConfigurationName = Release;
		};
		25461A2420BB0D0200B3758C /* Build configuration list for PBXNativeTarget "TableViewDemos" */ = {
			isa = XCConfigurationList;
			buildConfigurations = (
				25461A2520BB0D0200B3758C /* Debug */,
				25461A2620BB0D0200B3758C /* Release */,
			);
			defaultConfigurationIsVisible = 0;
			defaultConfigurationName = Release;
		};
/* End XCConfigurationList section */
	};
	rootObject = 25461A0A20BB0D0000B3758C /* Project object */;
}
