PODS:
  - CocoaAsyncSocket (7.6.0)
  - SocketRocket (0.5.1)

DEPENDENCIES:
  - CocoaAsyncSocket
  - SocketRocket

SPEC CHECKSUMS:
  CocoaAsyncSocket: b9d5589f07baf9de8f34cc25abd4fcba28f13805
  SocketRocket: d57c7159b83c3c6655745cd15302aa24b6bae531

PODFILE CHECKSUM: 572289e395ba262b3b2f0de3fad12ddf7b7fe140

COCOAPODS: 1.1.1
