// !$*UTF8*$!
{
	archiveVersion = 1;
	classes = {
	};
	objectVersion = 46;
	objects = {

/* Begin PBXBuildFile section */
		F9D363651E76D38D007E5E71 /* AppDelegate.swift in Sources */ = {isa = PBXBuildFile; fileRef = F9D363641E76D38D007E5E71 /* AppDelegate.swift */; };
		F9D363671E76D38D007E5E71 /* ViewController.swift in Sources */ = {isa = PBXBuildFile; fileRef = F9D363661E76D38D007E5E71 /* ViewController.swift */; };
		F9D3636A1E76D38D007E5E71 /* Main.storyboard in Resources */ = {isa = PBXBuildFile; fileRef = F9D363681E76D38D007E5E71 /* Main.storyboard */; };
		F9D3636C1E76D38D007E5E71 /* Assets.xcassets in Resources */ = {isa = PBXBuildFile; fileRef = F9D3636B1E76D38D007E5E71 /* Assets.xcassets */; };
		F9D3636F1E76D38D007E5E71 /* LaunchScreen.storyboard in Resources */ = {isa = PBXBuildFile; fileRef = F9D3636D1E76D38D007E5E71 /* LaunchScreen.storyboard */; };
/* End PBXBuildFile section */

/* Begin PBXFileReference section */
		F9D363611E76D38D007E5E71 /* SpeechToTextDemo.app */ = {isa = PBXFileReference; explicitFileType = wrapper.application; includeInIndex = 0; path = SpeechToTextDemo.app; sourceTree = BUILT_PRODUCTS_DIR; };
		F9D363641E76D38D007E5E71 /* AppDelegate.swift */ = {isa = PBXFileReference; lastKnownFileType = sourcecode.swift; path = AppDelegate.swift; sourceTree = "<group>"; };
		F9D363661E76D38D007E5E71 /* ViewController.swift */ = {isa = PBXFileReference; lastKnownFileType = sourcecode.swift; path = ViewController.swift; sourceTree = "<group>"; };
		F9D363691E76D38D007E5E71 /* Base */ = {isa = PBXFileReference; lastKnownFileType = file.storyboard; name = Base; path = Base.lproj/Main.storyboard; sourceTree = "<group>"; };
		F9D3636B1E76D38D007E5E71 /* Assets.xcassets */ = {isa = PBXFileReference; lastKnownFileType = folder.assetcatalog; path = Assets.xcassets; sourceTree = "<group>"; };
		F9D3636E1E76D38D007E5E71 /* Base */ = {isa = PBXFileReference; lastKnownFileType = file.storyboard; name = Base; path = Base.lproj/LaunchScreen.storyboard; sourceTree = "<group>"; };
		F9D363701E76D38D007E5E71 /* Info.plist */ = {isa = PBXFileReference; lastKnownFileType = text.plist.xml; path = Info.plist; sourceTree = "<group>"; };
/* End PBXFileReference section */

/* Begin PBXFrameworksBuildPhase section */
		F9D3635E1E76D38D007E5E71 /* Frameworks */ = {
			isa = PBXFrameworksBuildPhase;
			buildActionMask = 2147483647;
			files = (
			);
			runOnlyForDeploymentPostprocessing = 0;
		};
/* End PBXFrameworksBuildPhase section */

/* Begin PBXGroup section */
		F9D363581E76D38D007E5E71 = {
			isa = PBXGroup;
			children = (
				F9D363631E76D38D007E5E71 /* SpeechToTextDemo */,
				F9D363621E76D38D007E5E71 /* Products */,
			);
			sourceTree = "<group>";
		};
		F9D363621E76D38D007E5E71 /* Products */ = {
			isa = PBXGroup;
			children = (
				F9D363611E76D38D007E5E71 /* SpeechToTextDemo.app */,
			);
			name = Products;
			sourceTree = "<group>";
		};
		F9D363631E76D38D007E5E71 /* SpeechToTextDemo */ = {
			isa = PBXGroup;
			children = (
				F9D363641E76D38D007E5E71 /* AppDelegate.swift */,
				F9D363661E76D38D007E5E71 /* ViewController.swift */,
				F9D363681E76D38D007E5E71 /* Main.storyboard */,
				F9D3636B1E76D38D007E5E71 /* Assets.xcassets */,
				F9D3636D1E76D38D007E5E71 /* LaunchScreen.storyboard */,
				F9D363701E76D38D007E5E71 /* Info.plist */,
			);
			path = SpeechToTextDemo;
			sourceTree = "<group>";
		};
/* End PBXGroup section */

/* Begin PBXNativeTarget section */
		F9D363601E76D38D007E5E71 /* SpeechToTextDemo */ = {
			isa = PBXNativeTarget;
			buildConfigurationList = F9D363731E76D38D007E5E71 /* Build configuration list for PBXNativeTarget "SpeechToTextDemo" */;
			buildPhases = (
				F9D3635D1E76D38D007E5E71 /* Sources */,
				F9D3635E1E76D38D007E5E71 /* Frameworks */,
				F9D3635F1E76D38D007E5E71 /* Resources */,
			);
			buildRules = (
			);
			dependencies = (
			);
			name = SpeechToTextDemo;
			productName = SpeechToTextDemo;
			productReference = F9D363611E76D38D007E5E71 /* SpeechToTextDemo.app */;
			productType = "com.apple.product-type.application";
		};
/* End PBXNativeTarget section */

/* Begin PBXProject section */
		F9D363591E76D38D007E5E71 /* Project object */ = {
			isa = PBXProject;
			attributes = {
				LastSwiftUpdateCheck = 0820;
				LastUpgradeCheck = 0820;
				ORGANIZATIONNAME = snqu;
				TargetAttributes = {
					F9D363601E76D38D007E5E71 = {
						CreatedOnToolsVersion = 8.2.1;
						DevelopmentTeam = Q7CZTQLD49;
						ProvisioningStyle = Automatic;
					};
				};
			};
			buildConfigurationList = F9D3635C1E76D38D007E5E71 /* Build configuration list for PBXProject "SpeechToTextDemo" */;
			compatibilityVersion = "Xcode 3.2";
			developmentRegion = English;
			hasScannedForEncodings = 0;
			knownRegions = (
				en,
				Base,
			);
			mainGroup = F9D363581E76D38D007E5E71;
			productRefGroup = F9D363621E76D38D007E5E71 /* Products */;
			projectDirPath = "";
			projectRoot = "";
			targets = (
				F9D363601E76D38D007E5E71 /* SpeechToTextDemo */,
			);
		};
/* End PBXProject section */

/* Begin PBXResourcesBuildPhase section */
		F9D3635F1E76D38D007E5E71 /* Resources */ = {
			isa = PBXResourcesBuildPhase;
			buildActionMask = 2147483647;
			files = (
				F9D3636F1E76D38D007E5E71 /* LaunchScreen.storyboard in Resources */,
				F9D3636C1E76D38D007E5E71 /* Assets.xcassets in Resources */,
				F9D3636A1E76D38D007E5E71 /* Main.storyboard in Resources */,
			);
			runOnlyForDeploymentPostprocessing = 0;
		};
/* End PBXResourcesBuildPhase section */

/* Begin PBXSourcesBuildPhase section */
		F9D3635D1E76D38D007E5E71 /* Sources */ = {
			isa = PBXSourcesBuildPhase;
			buildActionMask = 2147483647;
			files = (
				F9D363671E76D38D007E5E71 /* ViewController.swift in Sources */,
				F9D363651E76D38D007E5E71 /* AppDelegate.swift in Sources */,
			);
			runOnlyForDeploymentPostprocessing = 0;
		};
/* End PBXSourcesBuildPhase section */

/* Begin PBXVariantGroup section */
		F9D363681E76D38D007E5E71 /* Main.storyboard */ = {
			isa = PBXVariantGroup;
			children = (
				F9D363691E76D38D007E5E71 /* Base */,
			);
			name = Main.storyboard;
			sourceTree = "<group>";
		};
		F9D3636D1E76D38D007E5E71 /* LaunchScreen.storyboard */ = {
			isa = PBXVariantGroup;
			children = (
				F9D3636E1E76D38D007E5E71 /* Base */,
			);
			name = LaunchScreen.storyboard;
			sourceTree = "<group>";
		};
/* End PBXVariantGroup section */

/* Begin XCBuildConfiguration section */
		F9D363711E76D38D007E5E71 /* Debug */ = {
			isa = XCBuildConfiguration;
			buildSettings = {
				ALWAYS_SEARCH_USER_PATHS = NO;
				CLANG_ANALYZER_NONNULL = YES;
				CLANG_CXX_LANGUAGE_STANDARD = "gnu++0x";
				CLANG_CXX_LIBRARY = "libc++";
				CLANG_ENABLE_MODULES = YES;
				CLANG_ENABLE_OBJC_ARC = YES;
				CLANG_WARN_BOOL_CONVERSION = YES;
				CLANG_WARN_CONSTANT_CONVERSION = YES;
				CLANG_WARN_DIRECT_OBJC_ISA_USAGE = YES_ERROR;
				CLANG_WARN_DOCUMENTATION_COMMENTS = YES;
				CLANG_WARN_EMPTY_BODY = YES;
				CLANG_WARN_ENUM_CONVERSION = YES;
				CLANG_WARN_INFINITE_RECURSION = YES;
				CLANG_WARN_INT_CONVERSION = YES;
				CLANG_WARN_OBJC_ROOT_CLASS = YES_ERROR;
				CLANG_WARN_SUSPICIOUS_MOVE = YES;
				CLANG_WARN_UNREACHABLE_CODE = YES;
				CLANG_WARN__DUPLICATE_METHOD_MATCH = YES;
				"CODE_SIGN_IDENTITY[sdk=iphoneos*]" = "iPhone Developer";
				COPY_PHASE_STRIP = NO;
				DEBUG_INFORMATION_FORMAT = dwarf;
				ENABLE_STRICT_OBJC_MSGSEND = YES;
				ENABLE_TESTABILITY = YES;
				GCC_C_LANGUAGE_STANDARD = gnu99;
				GCC_DYNAMIC_NO_PIC = NO;
				GCC_NO_COMMON_BLOCKS = YES;
				GCC_OPTIMIZATION_LEVEL = 0;
				GCC_PREPROCESSOR_DEFINITIONS = (
					"DEBUG=1",
					"$(inherited)",
				);
				GCC_WARN_64_TO_32_BIT_CONVERSION = YES;
				GCC_WARN_ABOUT_RETURN_TYPE = YES_ERROR;
				GCC_WARN_UNDECLARED_SELECTOR = YES;
				GCC_WARN_UNINITIALIZED_AUTOS = YES_AGGRESSIVE;
				GCC_WARN_UNUSED_FUNCTION = YES;
				GCC_WARN_UNUSED_VARIABLE = YES;
				IPHONEOS_DEPLOYMENT_TARGET = 10.2;
				MTL_ENABLE_DEBUG_INFO = YES;
				ONLY_ACTIVE_ARCH = YES;
				SDKROOT = iphoneos;
				SWIFT_ACTIVE_COMPILATION_CONDITIONS = DEBUG;
				SWIFT_OPTIMIZATION_LEVEL = "-Onone";
			};
			name = Debug;
		};
		F9D363721E76D38D007E5E71 /* Release */ = {
			isa = XCBuildConfiguration;
			buildSettings = {
				ALWAYS_SEARCH_USER_PATHS = NO;
				CLANG_ANALYZER_NONNULL = YES;
				CLANG_CXX_LANGUAGE_STANDARD = "gnu++0x";
				CLANG_CXX_LIBRARY = "libc++";
				CLANG_ENABLE_MODULES = YES;
				CLANG_ENABLE_OBJC_ARC = YES;
				CLANG_WARN_BOOL_CONVERSION = YES;
				CLANG_WARN_CONSTANT_CONVERSION = YES;
				CLANG_WARN_DIRECT_OBJC_ISA_USAGE = YES_ERROR;
				CLANG_WARN_DOCUMENTATION_COMMENTS = YES;
				CLANG_WARN_EMPTY_BODY = YES;
				CLANG_WARN_ENUM_CONVERSION = YES;
				CLANG_WARN_INFINITE_RECURSION = YES;
				CLANG_WARN_INT_CONVERSION = YES;
				CLANG_WARN_OBJC_ROOT_CLASS = YES_ERROR;
				CLANG_WARN_SUSPICIOUS_MOVE = YES;
				CLANG_WARN_UNREACHABLE_CODE = YES;
				CLANG_WARN__DUPLICATE_METHOD_MATCH = YES;
				"CODE_SIGN_IDENTITY[sdk=iphoneos*]" = "iPhone Developer";
				COPY_PHASE_STRIP = NO;
				DEBUG_INFORMATION_FORMAT = "dwarf-with-dsym";
				ENABLE_NS_ASSERTIONS = NO;
				ENABLE_STRICT_OBJC_MSGSEND = YES;
				GCC_C_LANGUAGE_STANDARD = gnu99;
				GCC_NO_COMMON_BLOCKS = YES;
				GCC_WARN_64_TO_32_BIT_CONVERSION = YES;
				GCC_WARN_ABOUT_RETURN_TYPE = YES_ERROR;
				GCC_WARN_UNDECLARED_SELECTOR = YES;
				GCC_WARN_UNINITIALIZED_AUTOS = YES_AGGRESSIVE;
				GCC_WARN_UNUSED_FUNCTION = YES;
				GCC_WARN_UNUSED_VARIABLE = YES;
				IPHONEOS_DEPLOYMENT_TARGET = 10.2;
				MTL_ENABLE_DEBUG_INFO = NO;
				SDKROOT = iphoneos;
				SWIFT_OPTIMIZATION_LEVEL = "-Owholemodule";
				VALIDATE_PRODUCT = YES;
			};
			name = Release;
		};
		F9D363741E76D38D007E5E71 /* Debug */ = {
			isa = XCBuildConfiguration;
			buildSettings = {
				ASSETCATALOG_COMPILER_APPICON_NAME = AppIcon;
				DEVELOPMENT_TEAM = Q7CZTQLD49;
				INFOPLIST_FILE = SpeechToTextDemo/Info.plist;
				IPHONEOS_DEPLOYMENT_TARGET = 10.0;
				LD_RUNPATH_SEARCH_PATHS = "$(inherited) @executable_path/Frameworks";
				PRODUCT_BUNDLE_IDENTIFIER = snqu.SpeechToTextDemo;
				PRODUCT_NAME = "$(TARGET_NAME)";
				SWIFT_VERSION = 3.0;
			};
			name = Debug;
		};
		F9D363751E76D38D007E5E71 /* Release */ = {
			isa = XCBuildConfiguration;
			buildSettings = {
				ASSETCATALOG_COMPILER_APPICON_NAME = AppIcon;
				DEVELOPMENT_TEAM = Q7CZTQLD49;
				INFOPLIST_FILE = SpeechToTextDemo/Info.plist;
				IPHONEOS_DEPLOYMENT_TARGET = 10.0;
				LD_RUNPATH_SEARCH_PATHS = "$(inherited) @executable_path/Frameworks";
				PRODUCT_BUNDLE_IDENTIFIER = snqu.SpeechToTextDemo;
				PRODUCT_NAME = "$(TARGET_NAME)";
				SWIFT_VERSION = 3.0;
			};
			name = Release;
		};
/* End XCBuildConfiguration section */

/* Begin XCConfigurationList section */
		F9D3635C1E76D38D007E5E71 /* Build configuration list for PBXProject "SpeechToTextDemo" */ = {
			isa = XCConfigurationList;
			buildConfigurations = (
				F9D363711E76D38D007E5E71 /* Debug */,
				F9D363721E76D38D007E5E71 /* Release */,
			);
			defaultConfigurationIsVisible = 0;
			defaultConfigurationName = Release;
		};
		F9D363731E76D38D007E5E71 /* Build configuration list for PBXNativeTarget "SpeechToTextDemo" */ = {
			isa = XCConfigurationList;
			buildConfigurations = (
				F9D363741E76D38D007E5E71 /* Debug */,
				F9D363751E76D38D007E5E71 /* Release */,
			);
			defaultConfigurationIsVisible = 0;
			defaultConfigurationName = Release;
		};
/* End XCConfigurationList section */
	};
	rootObject = F9D363591E76D38D007E5E71 /* Project object */;
}
